// !$*UTF8*$!
{
	archiveVersion = 1;
	classes = {
	};
	objectVersion = 46;
	objects = {

/* Begin PBXBuildFile section */
		2A6486BE1B3003240061D5C9 /* Default-568h@2x.png in Resources */ = {isa = PBXBuildFile; fileRef = 2A6486A81B3003240061D5C9 /* Default-568h@2x.png */; };
		2A6486BF1B3003240061D5C9 /* Default-667h@2x.png in Resources */ = {isa = PBXBuildFile; fileRef = 2A6486A91B3003240061D5C9 /* Default-667h@2x.png */; };
		2A6486C01B3003240061D5C9 /* Default-736h@3x.png in Resources */ = {isa = PBXBuildFile; fileRef = 2A6486AA1B3003240061D5C9 /* Default-736h@3x.png */; };
		2A6486C11B3003240061D5C9 /* misaki_gothic.ttf in Resources */ = {isa = PBXBuildFile; fileRef = 2A6486AC1B3003240061D5C9 /* misaki_gothic.ttf */; };
		2A6486C21B3003240061D5C9 /* battlebg.png in Resources */ = {isa = PBXBuildFile; fileRef = 2A6486AE1B3003240061D5C9 /* battlebg.png */; };
		2A6486C31B3003240061D5C9 /* bgimage.jpg in Resources */ = {isa = PBXBuildFile; fileRef = 2A6486AF1B3003240061D5C9 /* bgimage.jpg */; };
		2A6486C41B3003240061D5C9 /* falcon.png in Resources */ = {isa = PBXBuildFile; fileRef = 2A6486B01B3003240061D5C9 /* falcon.png */; };
		2A6486C51B3003240061D5C9 /* gold_button.png in Resources */ = {isa = PBXBuildFile; fileRef = 2A6486B11B3003240061D5C9 /* gold_button.png */; };
		2A6486C61B3003240061D5C9 /* lobby.png in Resources */ = {isa = PBXBuildFile; fileRef = 2A6486B21B3003240061D5C9 /* lobby.png */; };
		2A6486C71B3003240061D5C9 /* waku.png in Resources */ = {isa = PBXBuildFile; fileRef = 2A6486B31B3003240061D5C9 /* waku.png */; };
		2A6486C81B3003240061D5C9 /* Enemy.swift in Sources */ = {isa = PBXBuildFile; fileRef = 2A6486B51B3003240061D5C9 /* Enemy.swift */; };
		2A6486C91B3003240061D5C9 /* Player.swift in Sources */ = {isa = PBXBuildFile; fileRef = 2A6486B61B3003240061D5C9 /* Player.swift */; };
		2A6486CA1B3003240061D5C9 /* TechDraUtility.swift in Sources */ = {isa = PBXBuildFile; fileRef = 2A6486B71B3003240061D5C9 /* TechDraUtility.swift */; };
		2A6486CB1B3003240061D5C9 /* BGM_battle001.mp3 in Resources */ = {isa = PBXBuildFile; fileRef = 2A6486B91B3003240061D5C9 /* BGM_battle001.mp3 */; };
		2A6486CC1B3003240061D5C9 /* lobby.mp3 in Resources */ = {isa = PBXBuildFile; fileRef = 2A6486BA1B3003240061D5C9 /* lobby.mp3 */; };
		2A6486CD1B3003240061D5C9 /* SE_attack.mp3 in Resources */ = {isa = PBXBuildFile; fileRef = 2A6486BB1B3003240061D5C9 /* SE_attack.mp3 */; };
		2A6486CE1B3003240061D5C9 /* SE_fanfare.mp3 in Resources */ = {isa = PBXBuildFile; fileRef = 2A6486BC1B3003240061D5C9 /* SE_fanfare.mp3 */; };
		2A6486CF1B3003240061D5C9 /* SE_gameover.mp3 in Resources */ = {isa = PBXBuildFile; fileRef = 2A6486BD1B3003240061D5C9 /* SE_gameover.mp3 */; };
		2A6486D11B3004950061D5C9 /* LobbyViewController.swift in Sources */ = {isa = PBXBuildFile; fileRef = 2A6486D01B3004950061D5C9 /* LobbyViewController.swift */; };
		2AD2D5EE1B2EF5630097072C /* AppDelegate.swift in Sources */ = {isa = PBXBuildFile; fileRef = 2AD2D5ED1B2EF5630097072C /* AppDelegate.swift */; };
		2AD2D5F01B2EF5630097072C /* ViewController.swift in Sources */ = {isa = PBXBuildFile; fileRef = 2AD2D5EF1B2EF5630097072C /* ViewController.swift */; };
		2AD2D5F31B2EF5630097072C /* Main.storyboard in Resources */ = {isa = PBXBuildFile; fileRef = 2AD2D5F11B2EF5630097072C /* Main.storyboard */; };
		2AD2D5F51B2EF5630097072C /* Images.xcassets in Resources */ = {isa = PBXBuildFile; fileRef = 2AD2D5F41B2EF5630097072C /* Images.xcassets */; };
		2AD2D5F81B2EF5630097072C /* LaunchScreen.xib in Resources */ = {isa = PBXBuildFile; fileRef = 2AD2D5F61B2EF5630097072C /* LaunchScreen.xib */; };
		2AD2D6041B2EF5630097072C /* techmonTests.swift in Sources */ = {isa = PBXBuildFile; fileRef = 2AD2D6031B2EF5630097072C /* techmonTests.swift */; };
/* End PBXBuildFile section */

/* Begin PBXContainerItemProxy section */
		2AD2D5FE1B2EF5630097072C /* PBXContainerItemProxy */ = {
			isa = PBXContainerItemProxy;
			containerPortal = 2AD2D5E01B2EF5630097072C /* Project object */;
			proxyType = 1;
			remoteGlobalIDString = 2AD2D5E71B2EF5630097072C;
			remoteInfo = techmon;
		};
/* End PBXContainerItemProxy section */

/* Begin PBXFileReference section */
		2A6486A81B3003240061D5C9 /* Default-568h@2x.png */ = {isa = PBXFileReference; lastKnownFileType = image.png; path = "Default-568h@2x.png"; sourceTree = "<group>"; };
		2A6486A91B3003240061D5C9 /* Default-667h@2x.png */ = {isa = PBXFileReference; lastKnownFileType = image.png; path = "Default-667h@2x.png"; sourceTree = "<group>"; };
		2A6486AA1B3003240061D5C9 /* Default-736h@3x.png */ = {isa = PBXFileReference; lastKnownFileType = image.png; path = "Default-736h@3x.png"; sourceTree = "<group>"; };
		2A6486AC1B3003240061D5C9 /* misaki_gothic.ttf */ = {isa = PBXFileReference; lastKnownFileType = file; path = misaki_gothic.ttf; sourceTree = "<group>"; };
		2A6486AE1B3003240061D5C9 /* battlebg.png */ = {isa = PBXFileReference; lastKnownFileType = image.png; path = battlebg.png; sourceTree = "<group>"; };
		2A6486AF1B3003240061D5C9 /* bgimage.jpg */ = {isa = PBXFileReference; lastKnownFileType = image.jpeg; path = bgimage.jpg; sourceTree = "<group>"; };
		2A6486B01B3003240061D5C9 /* falcon.png */ = {isa = PBXFileReference; lastKnownFileType = image.png; path = falcon.png; sourceTree = "<group>"; };
		2A6486B11B3003240061D5C9 /* gold_button.png */ = {isa = PBXFileReference; lastKnownFileType = image.png; path = gold_button.png; sourceTree = "<group>"; };
		2A6486B21B3003240061D5C9 /* lobby.png */ = {isa = PBXFileReference; lastKnownFileType = image.png; path = lobby.png; sourceTree = "<group>"; };
		2A6486B31B3003240061D5C9 /* waku.png */ = {isa = PBXFileReference; lastKnownFileType = image.png; path = waku.png; sourceTree = "<group>"; };
		2A6486B51B3003240061D5C9 /* Enemy.swift */ = {isa = PBXFileReference; fileEncoding = 4; lastKnownFileType = sourcecode.swift; path = Enemy.swift; sourceTree = "<group>"; };
		2A6486B61B3003240061D5C9 /* Player.swift */ = {isa = PBXFileReference; fileEncoding = 4; lastKnownFileType = sourcecode.swift; path = Player.swift; sourceTree = "<group>"; };
		2A6486B71B3003240061D5C9 /* TechDraUtility.swift */ = {isa = PBXFileReference; fileEncoding = 4; lastKnownFileType = sourcecode.swift; path = TechDraUtility.swift; sourceTree = "<group>"; };
		2A6486B91B3003240061D5C9 /* BGM_battle001.mp3 */ = {isa = PBXFileReference; lastKnownFileType = audio.mp3; path = BGM_battle001.mp3; sourceTree = "<group>"; };
		2A6486BA1B3003240061D5C9 /* lobby.mp3 */ = {isa = PBXFileReference; lastKnownFileType = audio.mp3; path = lobby.mp3; sourceTree = "<group>"; };
		2A6486BB1B3003240061D5C9 /* SE_attack.mp3 */ = {isa = PBXFileReference; lastKnownFileType = audio.mp3; path = SE_attack.mp3; sourceTree = "<group>"; };
		2A6486BC1B3003240061D5C9 /* SE_fanfare.mp3 */ = {isa = PBXFileReference; lastKnownFileType = audio.mp3; path = SE_fanfare.mp3; sourceTree = "<group>"; };
		2A6486BD1B3003240061D5C9 /* SE_gameover.mp3 */ = {isa = PBXFileReference; lastKnownFileType = audio.mp3; path = SE_gameover.mp3; sourceTree = "<group>"; };
		2A6486D01B3004950061D5C9 /* LobbyViewController.swift */ = {isa = PBXFileReference; fileEncoding = 4; lastKnownFileType = sourcecode.swift; path = LobbyViewController.swift; sourceTree = "<group>"; };
		2AD2D5E81B2EF5630097072C /* techmon.app */ = {isa = PBXFileReference; explicitFileType = wrapper.application; includeInIndex = 0; path = techmon.app; sourceTree = BUILT_PRODUCTS_DIR; };
		2AD2D5EC1B2EF5630097072C /* Info.plist */ = {isa = PBXFileReference; lastKnownFileType = text.plist.xml; path = Info.plist; sourceTree = "<group>"; };
		2AD2D5ED1B2EF5630097072C /* AppDelegate.swift */ = {isa = PBXFileReference; lastKnownFileType = sourcecode.swift; path = AppDelegate.swift; sourceTree = "<group>"; };
		2AD2D5EF1B2EF5630097072C /* ViewController.swift */ = {isa = PBXFileReference; lastKnownFileType = sourcecode.swift; path = ViewController.swift; sourceTree = "<group>"; };
		2AD2D5F21B2EF5630097072C /* Base */ = {isa = PBXFileReference; lastKnownFileType = file.storyboard; name = Base; path = Base.lproj/Main.storyboard; sourceTree = "<group>"; };
		2AD2D5F41B2EF5630097072C /* Images.xcassets */ = {isa = PBXFileReference; lastKnownFileType = folder.assetcatalog; path = Images.xcassets; sourceTree = "<group>"; };
		2AD2D5F71B2EF5630097072C /* Base */ = {isa = PBXFileReference; lastKnownFileType = file.xib; name = Base; path = Base.lproj/LaunchScreen.xib; sourceTree = "<group>"; };
		2AD2D5FD1B2EF5630097072C /* techmonTests.xctest */ = {isa = PBXFileReference; explicitFileType = wrapper.cfbundle; includeInIndex = 0; path = techmonTests.xctest; sourceTree = BUILT_PRODUCTS_DIR; };
		2AD2D6021B2EF5630097072C /* Info.plist */ = {isa = PBXFileReference; lastKnownFileType = text.plist.xml; path = Info.plist; sourceTree = "<group>"; };
		2AD2D6031B2EF5630097072C /* techmonTests.swift */ = {isa = PBXFileReference; lastKnownFileType = sourcecode.swift; path = techmonTests.swift; sourceTree = "<group>"; };
/* End PBXFileReference section */

/* Begin PBXFrameworksBuildPhase section */
		2AD2D5E51B2EF5630097072C /* Frameworks */ = {
			isa = PBXFrameworksBuildPhase;
			buildActionMask = 2147483647;
			files = (
			);
			runOnlyForDeploymentPostprocessing = 0;
		};
		2AD2D5FA1B2EF5630097072C /* Frameworks */ = {
			isa = PBXFrameworksBuildPhase;
			buildActionMask = 2147483647;
			files = (
			);
			runOnlyForDeploymentPostprocessing = 0;
		};
/* End PBXFrameworksBuildPhase section */

/* Begin PBXGroup section */
		2A6486A61B3003240061D5C9 /* TechMon_Resources */ = {
			isa = PBXGroup;
			children = (
				2A6486A71B3003240061D5C9 /* Defaults */,
				2A6486AB1B3003240061D5C9 /* Fonts */,
				2A6486AD1B3003240061D5C9 /* Images */,
				2A6486B41B3003240061D5C9 /* Models */,
				2A6486B81B3003240061D5C9 /* Sounds */,
			);
			path = TechMon_Resources;
			sourceTree = "<group>";
		};
		2A6486A71B3003240061D5C9 /* Defaults */ = {
			isa = PBXGroup;
			children = (
				2A6486A81B3003240061D5C9 /* Default-568h@2x.png */,
				2A6486A91B3003240061D5C9 /* Default-667h@2x.png */,
				2A6486AA1B3003240061D5C9 /* Default-736h@3x.png */,
			);
			path = Defaults;
			sourceTree = "<group>";
		};
		2A6486AB1B3003240061D5C9 /* Fonts */ = {
			isa = PBXGroup;
			children = (
				2A6486AC1B3003240061D5C9 /* misaki_gothic.ttf */,
			);
			path = Fonts;
			sourceTree = "<group>";
		};
		2A6486AD1B3003240061D5C9 /* Images */ = {
			isa = PBXGroup;
			children = (
				2A6486AE1B3003240061D5C9 /* battlebg.png */,
				2A6486AF1B3003240061D5C9 /* bgimage.jpg */,
				2A6486B01B3003240061D5C9 /* falcon.png */,
				2A6486B11B3003240061D5C9 /* gold_button.png */,
				2A6486B21B3003240061D5C9 /* lobby.png */,
				2A6486B31B3003240061D5C9 /* waku.png */,
			);
			path = Images;
			sourceTree = "<group>";
		};
		2A6486B41B3003240061D5C9 /* Models */ = {
			isa = PBXGroup;
			children = (
				2A6486B51B3003240061D5C9 /* Enemy.swift */,
				2A6486B61B3003240061D5C9 /* Player.swift */,
				2A6486B71B3003240061D5C9 /* TechDraUtility.swift */,
			);
			path = Models;
			sourceTree = "<group>";
		};
		2A6486B81B3003240061D5C9 /* Sounds */ = {
			isa = PBXGroup;
			children = (
				2A6486B91B3003240061D5C9 /* BGM_battle001.mp3 */,
				2A6486BA1B3003240061D5C9 /* lobby.mp3 */,
				2A6486BB1B3003240061D5C9 /* SE_attack.mp3 */,
				2A6486BC1B3003240061D5C9 /* SE_fanfare.mp3 */,
				2A6486BD1B3003240061D5C9 /* SE_gameover.mp3 */,
			);
			path = Sounds;
			sourceTree = "<group>";
		};
		2AD2D5DF1B2EF5630097072C = {
			isa = PBXGroup;
			children = (
				2AD2D5EA1B2EF5630097072C /* techmon */,
				2AD2D6001B2EF5630097072C /* techmonTests */,
				2AD2D5E91B2EF5630097072C /* Products */,
			);
			sourceTree = "<group>";
		};
		2AD2D5E91B2EF5630097072C /* Products */ = {
			isa = PBXGroup;
			children = (
				2AD2D5E81B2EF5630097072C /* techmon.app */,
				2AD2D5FD1B2EF5630097072C /* techmonTests.xctest */,
			);
			name = Products;
			sourceTree = "<group>";
		};
		2AD2D5EA1B2EF5630097072C /* techmon */ = {
			isa = PBXGroup;
			children = (
				2A6486A61B3003240061D5C9 /* TechMon_Resources */,
				2AD2D5ED1B2EF5630097072C /* AppDelegate.swift */,
				2AD2D5EF1B2EF5630097072C /* ViewController.swift */,
				2AD2D5F11B2EF5630097072C /* Main.storyboard */,
				2AD2D5F41B2EF5630097072C /* Images.xcassets */,
				2AD2D5F61B2EF5630097072C /* LaunchScreen.xib */,
				2AD2D5EB1B2EF5630097072C /* Supporting Files */,
				2A6486D01B3004950061D5C9 /* LobbyViewController.swift */,
			);
			path = techmon;
			sourceTree = "<group>";
		};
		2AD2D5EB1B2EF5630097072C /* Supporting Files */ = {
			isa = PBXGroup;
			children = (
				2AD2D5EC1B2EF5630097072C /* Info.plist */,
			);
			name = "Supporting Files";
			sourceTree = "<group>";
		};
		2AD2D6001B2EF5630097072C /* techmonTests */ = {
			isa = PBXGroup;
			children = (
				2AD2D6031B2EF5630097072C /* techmonTests.swift */,
				2AD2D6011B2EF5630097072C /* Supporting Files */,
			);
			path = techmonTests;
			sourceTree = "<group>";
		};
		2AD2D6011B2EF5630097072C /* Supporting Files */ = {
			isa = PBXGroup;
			children = (
				2AD2D6021B2EF5630097072C /* Info.plist */,
			);
			name = "Supporting Files";
			sourceTree = "<group>";
		};
/* End PBXGroup section */

/* Begin PBXNativeTarget section */
		2AD2D5E71B2EF5630097072C /* techmon */ = {
			isa = PBXNativeTarget;
			buildConfigurationList = 2AD2D6071B2EF5630097072C /* Build configuration list for PBXNativeTarget "techmon" */;
			buildPhases = (
				2AD2D5E41B2EF5630097072C /* Sources */,
				2AD2D5E51B2EF5630097072C /* Frameworks */,
				2AD2D5E61B2EF5630097072C /* Resources */,
			);
			buildRules = (
			);
			dependencies = (
			);
			name = techmon;
			productName = techmon;
			productReference = 2AD2D5E81B2EF5630097072C /* techmon.app */;
			productType = "com.apple.product-type.application";
		};
		2AD2D5FC1B2EF5630097072C /* techmonTests */ = {
			isa = PBXNativeTarget;
			buildConfigurationList = 2AD2D60A1B2EF5630097072C /* Build configuration list for PBXNativeTarget "techmonTests" */;
			buildPhases = (
				2AD2D5F91B2EF5630097072C /* Sources */,
				2AD2D5FA1B2EF5630097072C /* Frameworks */,
				2AD2D5FB1B2EF5630097072C /* Resources */,
			);
			buildRules = (
			);
			dependencies = (
				2AD2D5FF1B2EF5630097072C /* PBXTargetDependency */,
			);
			name = techmonTests;
			productName = techmonTests;
			productReference = 2AD2D5FD1B2EF5630097072C /* techmonTests.xctest */;
			productType = "com.apple.product-type.bundle.unit-test";
		};
/* End PBXNativeTarget section */

/* Begin PBXProject section */
		2AD2D5E01B2EF5630097072C /* Project object */ = {
			isa = PBXProject;
			attributes = {
				LastUpgradeCheck = 0630;
				ORGANIZATIONNAME = "Ryo Eguchi";
				TargetAttributes = {
					2AD2D5E71B2EF5630097072C = {
						CreatedOnToolsVersion = 6.3.2;
					};
					2AD2D5FC1B2EF5630097072C = {
						CreatedOnToolsVersion = 6.3.2;
						TestTargetID = 2AD2D5E71B2EF5630097072C;
					};
				};
			};
			buildConfigurationList = 2AD2D5E31B2EF5630097072C /* Build configuration list for PBXProject "techmon" */;
			compatibilityVersion = "Xcode 3.2";
			developmentRegion = English;
			hasScannedForEncodings = 0;
			knownRegions = (
				en,
				Base,
			);
			mainGroup = 2AD2D5DF1B2EF5630097072C;
			productRefGroup = 2AD2D5E91B2EF5630097072C /* Products */;
			projectDirPath = "";
			projectRoot = "";
			targets = (
				2AD2D5E71B2EF5630097072C /* techmon */,
				2AD2D5FC1B2EF5630097072C /* techmonTests */,
			);
		};
/* End PBXProject section */

/* Begin PBXResourcesBuildPhase section */
		2AD2D5E61B2EF5630097072C /* Resources */ = {
			isa = PBXResourcesBuildPhase;
			buildActionMask = 2147483647;
			files = (
				2A6486C71B3003240061D5C9 /* waku.png in Resources */,
				2A6486CE1B3003240061D5C9 /* SE_fanfare.mp3 in Resources */,
				2AD2D5F31B2EF5630097072C /* Main.storyboard in Resources */,
				2A6486C51B3003240061D5C9 /* gold_button.png in Resources */,
				2A6486CB1B3003240061D5C9 /* BGM_battle001.mp3 in Resources */,
				2A6486CC1B3003240061D5C9 /* lobby.mp3 in Resources */,
				2A6486C11B3003240061D5C9 /* misaki_gothic.ttf in Resources */,
				2A6486BE1B3003240061D5C9 /* Default-568h@2x.png in Resources */,
				2A6486C61B3003240061D5C9 /* lobby.png in Resources */,
				2AD2D5F81B2EF5630097072C /* LaunchScreen.xib in Resources */,
				2A6486C21B3003240061D5C9 /* battlebg.png in Resources */,
				2A6486CD1B3003240061D5C9 /* SE_attack.mp3 in Resources */,
				2A6486CF1B3003240061D5C9 /* SE_gameover.mp3 in Resources */,
				2AD2D5F51B2EF5630097072C /* Images.xcassets in Resources */,
				2A6486C31B3003240061D5C9 /* bgimage.jpg in Resources */,
				2A6486BF1B3003240061D5C9 /* Default-667h@2x.png in Resources */,
				2A6486C41B3003240061D5C9 /* falcon.png in Resources */,
				2A6486C01B3003240061D5C9 /* Default-736h@3x.png in Resources */,
			);
			runOnlyForDeploymentPostprocessing = 0;
		};
		2AD2D5FB1B2EF5630097072C /* Resources */ = {
			isa = PBXResourcesBuildPhase;
			buildActionMask = 2147483647;
			files = (
			);
			runOnlyForDeploymentPostprocessing = 0;
		};
/* End PBXResourcesBuildPhase section */

/* Begin PBXSourcesBuildPhase section */
		2AD2D5E41B2EF5630097072C /* Sources */ = {
			isa = PBXSourcesBuildPhase;
			buildActionMask = 2147483647;
			files = (
				2A6486C91B3003240061D5C9 /* Player.swift in Sources */,
				2A6486CA1B3003240061D5C9 /* TechDraUtility.swift in Sources */,
				2AD2D5F01B2EF5630097072C /* ViewController.swift in Sources */,
				2A6486D11B3004950061D5C9 /* LobbyViewController.swift in Sources */,
				2AD2D5EE1B2EF5630097072C /* AppDelegate.swift in Sources */,
				2A6486C81B3003240061D5C9 /* Enemy.swift in Sources */,
			);
			runOnlyForDeploymentPostprocessing = 0;
		};
		2AD2D5F91B2EF5630097072C /* Sources */ = {
			isa = PBXSourcesBuildPhase;
			buildActionMask = 2147483647;
			files = (
				2AD2D6041B2EF5630097072C /* techmonTests.swift in Sources */,
			);
			runOnlyForDeploymentPostprocessing = 0;
		};
/* End PBXSourcesBuildPhase section */

/* Begin PBXTargetDependency section */
		2AD2D5FF1B2EF5630097072C /* PBXTargetDependency */ = {
			isa = PBXTargetDependency;
			target = 2AD2D5E71B2EF5630097072C /* techmon */;
			targetProxy = 2AD2D5FE1B2EF5630097072C /* PBXContainerItemProxy */;
		};
/* End PBXTargetDependency section */

/* Begin PBXVariantGroup section */
		2AD2D5F11B2EF5630097072C /* Main.storyboard */ = {
			isa = PBXVariantGroup;
			children = (
				2AD2D5F21B2EF5630097072C /* Base */,
			);
			name = Main.storyboard;
			sourceTree = "<group>";
		};
		2AD2D5F61B2EF5630097072C /* LaunchScreen.xib */ = {
			isa = PBXVariantGroup;
			children = (
				2AD2D5F71B2EF5630097072C /* Base */,
			);
			name = LaunchScreen.xib;
			sourceTree = "<group>";
		};
/* End PBXVariantGroup section */

/* Begin XCBuildConfiguration section */
		2AD2D6051B2EF5630097072C /* Debug */ = {
			isa = XCBuildConfiguration;
			buildSettings = {
				ALWAYS_SEARCH_USER_PATHS = NO;
				CLANG_CXX_LANGUAGE_STANDARD = "gnu++0x";
				CLANG_CXX_LIBRARY = "libc++";
				CLANG_ENABLE_MODULES = YES;
				CLANG_ENABLE_OBJC_ARC = YES;
				CLANG_WARN_BOOL_CONVERSION = YES;
				CLANG_WARN_CONSTANT_CONVERSION = YES;
				CLANG_WARN_DIRECT_OBJC_ISA_USAGE = YES_ERROR;
				CLANG_WARN_EMPTY_BODY = YES;
				CLANG_WARN_ENUM_CONVERSION = YES;
				CLANG_WARN_INT_CONVERSION = YES;
				CLANG_WARN_OBJC_ROOT_CLASS = YES_ERROR;
				CLANG_WARN_UNREACHABLE_CODE = YES;
				CLANG_WARN__DUPLICATE_METHOD_MATCH = YES;
				"CODE_SIGN_IDENTITY[sdk=iphoneos*]" = "iPhone Developer";
				COPY_PHASE_STRIP = NO;
				DEBUG_INFORMATION_FORMAT = "dwarf-with-dsym";
				ENABLE_STRICT_OBJC_MSGSEND = YES;
				GCC_C_LANGUAGE_STANDARD = gnu99;
				GCC_DYNAMIC_NO_PIC = NO;
				GCC_NO_COMMON_BLOCKS = YES;
				GCC_OPTIMIZATION_LEVEL = 0;
				GCC_PREPROCESSOR_DEFINITIONS = (
					"DEBUG=1",
					"$(inherited)",
				);
				GCC_SYMBOLS_PRIVATE_EXTERN = NO;
				GCC_WARN_64_TO_32_BIT_CONVERSION = YES;
				GCC_WARN_ABOUT_RETURN_TYPE = YES_ERROR;
				GCC_WARN_UNDECLARED_SELECTOR = YES;
				GCC_WARN_UNINITIALIZED_AUTOS = YES_AGGRESSIVE;
				GCC_WARN_UNUSED_FUNCTION = YES;
				GCC_WARN_UNUSED_VARIABLE = YES;
				IPHONEOS_DEPLOYMENT_TARGET = 8.3;
				MTL_ENABLE_DEBUG_INFO = YES;
				ONLY_ACTIVE_ARCH = YES;
				SDKROOT = iphoneos;
				SWIFT_OPTIMIZATION_LEVEL = "-Onone";
			};
			name = Debug;
		};
		2AD2D6061B2EF5630097072C /* Release */ = {
			isa = XCBuildConfiguration;
			buildSettings = {
				ALWAYS_SEARCH_USER_PATHS = NO;
				CLANG_CXX_LANGUAGE_STANDARD = "gnu++0x";
				CLANG_CXX_LIBRARY = "libc++";
				CLANG_ENABLE_MODULES = YES;
				CLANG_ENABLE_OBJC_ARC = YES;
				CLANG_WARN_BOOL_CONVERSION = YES;
				CLANG_WARN_CONSTANT_CONVERSION = YES;
				CLANG_WARN_DIRECT_OBJC_ISA_USAGE = YES_ERROR;
				CLANG_WARN_EMPTY_BODY = YES;
				CLANG_WARN_ENUM_CONVERSION = YES;
				CLANG_WARN_INT_CONVERSION = YES;
				CLANG_WARN_OBJC_ROOT_CLASS = YES_ERROR;
				CLANG_WARN_UNREACHABLE_CODE = YES;
				CLANG_WARN__DUPLICATE_METHOD_MATCH = YES;
				"CODE_SIGN_IDENTITY[sdk=iphoneos*]" = "iPhone Developer";
				COPY_PHASE_STRIP = NO;
				DEBUG_INFORMATION_FORMAT = "dwarf-with-dsym";
				ENABLE_NS_ASSERTIONS = NO;
				ENABLE_STRICT_OBJC_MSGSEND = YES;
				GCC_C_LANGUAGE_STANDARD = gnu99;
				GCC_NO_COMMON_BLOCKS = YES;
				GCC_WARN_64_TO_32_BIT_CONVERSION = YES;
				GCC_WARN_ABOUT_RETURN_TYPE = YES_ERROR;
				GCC_WARN_UNDECLARED_SELECTOR = YES;
				GCC_WARN_UNINITIALIZED_AUTOS = YES_AGGRESSIVE;
				GCC_WARN_UNUSED_FUNCTION = YES;
				GCC_WARN_UNUSED_VARIABLE = YES;
				IPHONEOS_DEPLOYMENT_TARGET = 8.3;
				MTL_ENABLE_DEBUG_INFO = NO;
				SDKROOT = iphoneos;
				VALIDATE_PRODUCT = YES;
			};
			name = Release;
		};
		2AD2D6081B2EF5630097072C /* Debug */ = {
			isa = XCBuildConfiguration;
			buildSettings = {
				ASSETCATALOG_COMPILER_APPICON_NAME = AppIcon;
				INFOPLIST_FILE = techmon/Info.plist;
				IPHONEOS_DEPLOYMENT_TARGET = 7.0;
				LD_RUNPATH_SEARCH_PATHS = "$(inherited) @executable_path/Frameworks";
				PRODUCT_NAME = "$(TARGET_NAME)";
			};
			name = Debug;
		};
		2AD2D6091B2EF5630097072C /* Release */ = {
			isa = XCBuildConfiguration;
			buildSettings = {
				ASSETCATALOG_COMPILER_APPICON_NAME = AppIcon;
				INFOPLIST_FILE = techmon/Info.plist;
				IPHONEOS_DEPLOYMENT_TARGET = 7.0;
				LD_RUNPATH_SEARCH_PATHS = "$(inherited) @executable_path/Frameworks";
				PRODUCT_NAME = "$(TARGET_NAME)";
			};
			name = Release;
		};
		2AD2D60B1B2EF5630097072C /* Debug */ = {
			isa = XCBuildConfiguration;
			buildSettings = {
				BUNDLE_LOADER = "$(TEST_HOST)";
				FRAMEWORK_SEARCH_PATHS = (
					"$(SDKROOT)/Developer/Library/Frameworks",
					"$(inherited)",
				);
				GCC_PREPROCESSOR_DEFINITIONS = (
					"DEBUG=1",
					"$(inherited)",
				);
				INFOPLIST_FILE = techmonTests/Info.plist;
				LD_RUNPATH_SEARCH_PATHS = "$(inherited) @executable_path/Frameworks @loader_path/Frameworks";
				PRODUCT_NAME = "$(TARGET_NAME)";
				TEST_HOST = "$(BUILT_PRODUCTS_DIR)/techmon.app/techmon";
			};
			name = Debug;
		};
		2AD2D60C1B2EF5630097072C /* Release */ = {
			isa = XCBuildConfiguration;
			buildSettings = {
				BUNDLE_LOADER = "$(TEST_HOST)";
				FRAMEWORK_SEARCH_PATHS = (
					"$(SDKROOT)/Developer/Library/Frameworks",
					"$(inherited)",
				);
				INFOPLIST_FILE = techmonTests/Info.plist;
				LD_RUNPATH_SEARCH_PATHS = "$(inherited) @executable_path/Frameworks @loader_path/Frameworks";
				PRODUCT_NAME = "$(TARGET_NAME)";
				TEST_HOST = "$(BUILT_PRODUCTS_DIR)/techmon.app/techmon";
			};
			name = Release;
		};
/* End XCBuildConfiguration section */

/* Begin XCConfigurationList section */
		2AD2D5E31B2EF5630097072C /* Build configuration list for PBXProject "techmon" */ = {
			isa = XCConfigurationList;
			buildConfigurations = (
				2AD2D6051B2EF5630097072C /* Debug */,
				2AD2D6061B2EF5630097072C /* Release */,
			);
			defaultConfigurationIsVisible = 0;
			defaultConfigurationName = Release;
		};
		2AD2D6071B2EF5630097072C /* Build configuration list for PBXNativeTarget "techmon" */ = {
			isa = XCConfigurationList;
			buildConfigurations = (
				2AD2D6081B2EF5630097072C /* Debug */,
				2AD2D6091B2EF5630097072C /* Release */,
			);
			defaultConfigurationIsVisible = 0;
			defaultConfigurationName = Release;
		};
		2AD2D60A1B2EF5630097072C /* Build configuration list for PBXNativeTarget "techmonTests" */ = {
			isa = XCConfigurationList;
			buildConfigurations = (
				2AD2D60B1B2EF5630097072C /* Debug */,
				2AD2D60C1B2EF5630097072C /* Release */,
			);
			defaultConfigurationIsVisible = 0;
			defaultConfigurationName = Release;
		};
/* End XCConfigurationList section */
	};
	rootObject = 2AD2D5E01B2EF5630097072C /* Project object */;
}
